
Microsoft Visual Studio Solution File, Format Version 12.00
# Visual Studio 15
Project("{FAE04EC0-301F-11D3-BF4B-00C04F79EFBC}") = "oslometAPI", "oslometAPI\oslometAPI.csproj", "{AD39B35A-0296-41C1-93FB-47C9AEE806C9}"
EndProject
Global
	GlobalSection(SolutionConfigurationPlatforms) = preSolution
		Debug|Any CPU = Debug|Any CPU
		Release|Any CPU = Release|Any CPU
	EndGlobalSection
	GlobalSection(ProjectConfigurationPlatforms) = postSolution
		{AD39B35A-0296-41C1-93FB-47C9AEE806C9}.Debug|Any CPU.ActiveCfg = Debug|Any CPU
		{AD39B35A-0296-41C1-93FB-47C9AEE806C9}.Debug|Any CPU.Build.0 = Debug|Any CPU
		{AD39B35A-0296-41C1-93FB-47C9AEE806C9}.Release|Any CPU.ActiveCfg = Release|Any CPU
		{AD39B35A-0296-41C1-93FB-47C9AEE806C9}.Release|Any CPU.Build.0 = Release|Any CPU
	EndGlobalSection
EndGlobal
